
Microsoft Visual Studio Solution File, Format Version 12.00
# Visual Studio 15
VisualStudioVersion = 15.0.27520.0
MinimumVisualStudioVersion = 10.0.40219.1
Project("{9A19103F-16F7-4668-BE54-9A1E7A4F7556}") = "Web", "TSOT.ToDoList\Web.csproj", "{29C63E69-CDF9-44C6-8595-F72091A38CFE}"
EndProject
Project("{2150E333-8FDC-42A3-9474-1A3956D46DE8}") = "0. Common", "0. Common", "{ADFFF657-E0BC-4986-B74A-7262119965BD}"
EndProject
Project("{2150E333-8FDC-42A3-9474-1A3956D46DE8}") = "1. Web", "1. Web", "{80DD44BC-3853-4B8A-A347-9D7CAD48D5AC}"
EndProject
Project("{2150E333-8FDC-42A3-9474-1A3956D46DE8}") = "2. Api", "2. Api", "{91F53A90-ED82-482E-9B05-BC8C0C4AF0D0}"
EndProject
Project("{2150E333-8FDC-42A3-9474-1A3956D46DE8}") = "3. Infrastructure", "3. Infrastructure", "{68478CD0-D804-460D-8C57-635FF842E919}"
EndProject
Project("{2150E333-8FDC-42A3-9474-1A3956D46DE8}") = "5. Tests", "5. Tests", "{3BFED84A-8E8D-400B-966D-F6AF88C9201F}"
	ProjectSection(SolutionItems) = preProject
		TSOT.Tests\About.txt = TSOT.Tests\About.txt
	EndProjectSection
EndProject
Project("{2150E333-8FDC-42A3-9474-1A3956D46DE8}") = "4. Database", "4. Database", "{0B47A279-6329-4A96-BC1A-A13D724E7D58}"
EndProject
Project("{9A19103F-16F7-4668-BE54-9A1E7A4F7556}") = "Infrastructure", "TSOT.ToDoList.Infrastructure\Infrastructure.csproj", "{B33DE492-4EC7-49A4-9E8C-1942F0726753}"
EndProject
Project("{00D1A9C2-B5F0-4AF3-8072-F6C62B433612}") = "TdlDb", "TSOT.ToDoList.TdlDb\TdlDb.sqlproj", "{214F6A84-E7FC-45AE-B1D0-B619C128099E}"
EndProject
Project("{9A19103F-16F7-4668-BE54-9A1E7A4F7556}") = "Core", "TSOT.ToDoList.Core\Core.csproj", "{278682B2-96F8-428A-A8B8-9D1472781F00}"
EndProject
Project("{2150E333-8FDC-42A3-9474-1A3956D46DE8}") = ".nuget", ".nuget", "{EA0CEAF9-3D44-476B-B269-C8A442A15409}"
	ProjectSection(SolutionItems) = preProject
		.nuget\NuGet.Config = .nuget\NuGet.Config
	EndProjectSection
EndProject
Project("{2150E333-8FDC-42A3-9474-1A3956D46DE8}") = "L0 Unit", "L0 Unit", "{009CF843-5BAC-497D-A7D6-EEF5BF11BB43}"
EndProject
Project("{2150E333-8FDC-42A3-9474-1A3956D46DE8}") = "L1 Unit SQL", "L1 Unit SQL", "{CAB33D38-5037-445E-A6CB-1C0AC4F3A69D}"
EndProject
Project("{2150E333-8FDC-42A3-9474-1A3956D46DE8}") = "L2 Integration", "L2 Integration", "{FF3FE733-8959-450F-B38D-E6467AF7A192}"
EndProject
Project("{2150E333-8FDC-42A3-9474-1A3956D46DE8}") = "L3 End2End", "L3 End2End", "{1DC6F90C-635F-4D1C-AF7C-26FD2434A2E4}"
EndProject
Project("{9A19103F-16F7-4668-BE54-9A1E7A4F7556}") = "CommonTests", "TSOT.Tests\L0\TSOT.Tests.L0.CommonTests\CommonTests.csproj", "{637F7124-9E8A-4E70-AF32-AB8FA4A79113}"
EndProject
Project("{9A19103F-16F7-4668-BE54-9A1E7A4F7556}") = "ToDoListApi", "TSOT.ToDoList.Api\ToDoListApi.csproj", "{0172A9ED-D137-4D1C-8848-92F34495EC73}"
EndProject
Project("{2150E333-8FDC-42A3-9474-1A3956D46DE8}") = "BDD", "BDD", "{D60D2225-CD22-4283-8D96-EF4211B964B3}"
EndProject
Project("{9A19103F-16F7-4668-BE54-9A1E7A4F7556}") = "SpecTests", "TSOT.Tests\BDD\TSOT.ToDoList.Tests.BDD.Specs\SpecTests.csproj", "{B4837181-713F-48E2-8A13-563703381396}"
EndProject
Project("{9A19103F-16F7-4668-BE54-9A1E7A4F7556}") = "InfrastructureTests", "TSOT.Tests\L1\TSOT.ToDoList.Tests.L1.InfrastructureTests\InfrastructureTests.csproj", "{ED599BB8-D6EA-4747-8551-24A9B97A4E55}"
EndProject
Project("{9A19103F-16F7-4668-BE54-9A1E7A4F7556}") = "ToDoListApiTests", "TSOT.Tests\L1\TSOT.ToDoList.Tests.L1.ToDoListApiTests\ToDoListApiTests.csproj", "{C3C8972D-185E-495E-BD83-36592AEEA6DF}"
EndProject
Project("{9A19103F-16F7-4668-BE54-9A1E7A4F7556}") = "WebTests", "TSOT.Tests\L1\TSOT.ToDoList.Tests.L1.WebTests\WebTests.csproj", "{50C89A8D-C273-4C90-B54F-B152159BB43E}"
EndProject
Global
	GlobalSection(SolutionConfigurationPlatforms) = preSolution
		Debug|Any CPU = Debug|Any CPU
		Release|Any CPU = Release|Any CPU
	EndGlobalSection
	GlobalSection(ProjectConfigurationPlatforms) = postSolution
		{29C63E69-CDF9-44C6-8595-F72091A38CFE}.Debug|Any CPU.ActiveCfg = Debug|Any CPU
		{29C63E69-CDF9-44C6-8595-F72091A38CFE}.Debug|Any CPU.Build.0 = Debug|Any CPU
		{29C63E69-CDF9-44C6-8595-F72091A38CFE}.Release|Any CPU.ActiveCfg = Release|Any CPU
		{29C63E69-CDF9-44C6-8595-F72091A38CFE}.Release|Any CPU.Build.0 = Release|Any CPU
		{B33DE492-4EC7-49A4-9E8C-1942F0726753}.Debug|Any CPU.ActiveCfg = Debug|Any CPU
		{B33DE492-4EC7-49A4-9E8C-1942F0726753}.Debug|Any CPU.Build.0 = Debug|Any CPU
		{B33DE492-4EC7-49A4-9E8C-1942F0726753}.Release|Any CPU.ActiveCfg = Release|Any CPU
		{B33DE492-4EC7-49A4-9E8C-1942F0726753}.Release|Any CPU.Build.0 = Release|Any CPU
		{214F6A84-E7FC-45AE-B1D0-B619C128099E}.Debug|Any CPU.ActiveCfg = Debug|Any CPU
		{214F6A84-E7FC-45AE-B1D0-B619C128099E}.Debug|Any CPU.Build.0 = Debug|Any CPU
		{214F6A84-E7FC-45AE-B1D0-B619C128099E}.Debug|Any CPU.Deploy.0 = Debug|Any CPU
		{214F6A84-E7FC-45AE-B1D0-B619C128099E}.Release|Any CPU.ActiveCfg = Release|Any CPU
		{214F6A84-E7FC-45AE-B1D0-B619C128099E}.Release|Any CPU.Build.0 = Release|Any CPU
		{214F6A84-E7FC-45AE-B1D0-B619C128099E}.Release|Any CPU.Deploy.0 = Release|Any CPU
		{278682B2-96F8-428A-A8B8-9D1472781F00}.Debug|Any CPU.ActiveCfg = Debug|Any CPU
		{278682B2-96F8-428A-A8B8-9D1472781F00}.Debug|Any CPU.Build.0 = Debug|Any CPU
		{278682B2-96F8-428A-A8B8-9D1472781F00}.Release|Any CPU.ActiveCfg = Release|Any CPU
		{278682B2-96F8-428A-A8B8-9D1472781F00}.Release|Any CPU.Build.0 = Release|Any CPU
		{637F7124-9E8A-4E70-AF32-AB8FA4A79113}.Debug|Any CPU.ActiveCfg = Debug|Any CPU
		{637F7124-9E8A-4E70-AF32-AB8FA4A79113}.Debug|Any CPU.Build.0 = Debug|Any CPU
		{637F7124-9E8A-4E70-AF32-AB8FA4A79113}.Release|Any CPU.ActiveCfg = Release|Any CPU
		{637F7124-9E8A-4E70-AF32-AB8FA4A79113}.Release|Any CPU.Build.0 = Release|Any CPU
		{0172A9ED-D137-4D1C-8848-92F34495EC73}.Debug|Any CPU.ActiveCfg = Debug|Any CPU
		{0172A9ED-D137-4D1C-8848-92F34495EC73}.Debug|Any CPU.Build.0 = Debug|Any CPU
		{0172A9ED-D137-4D1C-8848-92F34495EC73}.Release|Any CPU.ActiveCfg = Release|Any CPU
		{0172A9ED-D137-4D1C-8848-92F34495EC73}.Release|Any CPU.Build.0 = Release|Any CPU
		{B4837181-713F-48E2-8A13-563703381396}.Debug|Any CPU.ActiveCfg = Debug|Any CPU
		{B4837181-713F-48E2-8A13-563703381396}.Debug|Any CPU.Build.0 = Debug|Any CPU
		{B4837181-713F-48E2-8A13-563703381396}.Release|Any CPU.ActiveCfg = Release|Any CPU
		{B4837181-713F-48E2-8A13-563703381396}.Release|Any CPU.Build.0 = Release|Any CPU
		{ED599BB8-D6EA-4747-8551-24A9B97A4E55}.Debug|Any CPU.ActiveCfg = Debug|Any CPU
		{ED599BB8-D6EA-4747-8551-24A9B97A4E55}.Debug|Any CPU.Build.0 = Debug|Any CPU
		{ED599BB8-D6EA-4747-8551-24A9B97A4E55}.Release|Any CPU.ActiveCfg = Release|Any CPU
		{ED599BB8-D6EA-4747-8551-24A9B97A4E55}.Release|Any CPU.Build.0 = Release|Any CPU
		{C3C8972D-185E-495E-BD83-36592AEEA6DF}.Debug|Any CPU.ActiveCfg = Debug|Any CPU
		{C3C8972D-185E-495E-BD83-36592AEEA6DF}.Debug|Any CPU.Build.0 = Debug|Any CPU
		{C3C8972D-185E-495E-BD83-36592AEEA6DF}.Release|Any CPU.ActiveCfg = Release|Any CPU
		{C3C8972D-185E-495E-BD83-36592AEEA6DF}.Release|Any CPU.Build.0 = Release|Any CPU
		{50C89A8D-C273-4C90-B54F-B152159BB43E}.Debug|Any CPU.ActiveCfg = Debug|Any CPU
		{50C89A8D-C273-4C90-B54F-B152159BB43E}.Debug|Any CPU.Build.0 = Debug|Any CPU
		{50C89A8D-C273-4C90-B54F-B152159BB43E}.Release|Any CPU.ActiveCfg = Release|Any CPU
		{50C89A8D-C273-4C90-B54F-B152159BB43E}.Release|Any CPU.Build.0 = Release|Any CPU
	EndGlobalSection
	GlobalSection(SolutionProperties) = preSolution
		HideSolutionNode = FALSE
	EndGlobalSection
	GlobalSection(NestedProjects) = preSolution
		{29C63E69-CDF9-44C6-8595-F72091A38CFE} = {80DD44BC-3853-4B8A-A347-9D7CAD48D5AC}
		{B33DE492-4EC7-49A4-9E8C-1942F0726753} = {68478CD0-D804-460D-8C57-635FF842E919}
		{214F6A84-E7FC-45AE-B1D0-B619C128099E} = {0B47A279-6329-4A96-BC1A-A13D724E7D58}
		{278682B2-96F8-428A-A8B8-9D1472781F00} = {ADFFF657-E0BC-4986-B74A-7262119965BD}
		{009CF843-5BAC-497D-A7D6-EEF5BF11BB43} = {3BFED84A-8E8D-400B-966D-F6AF88C9201F}
		{CAB33D38-5037-445E-A6CB-1C0AC4F3A69D} = {3BFED84A-8E8D-400B-966D-F6AF88C9201F}
		{FF3FE733-8959-450F-B38D-E6467AF7A192} = {3BFED84A-8E8D-400B-966D-F6AF88C9201F}
		{1DC6F90C-635F-4D1C-AF7C-26FD2434A2E4} = {3BFED84A-8E8D-400B-966D-F6AF88C9201F}
		{637F7124-9E8A-4E70-AF32-AB8FA4A79113} = {009CF843-5BAC-497D-A7D6-EEF5BF11BB43}
		{0172A9ED-D137-4D1C-8848-92F34495EC73} = {91F53A90-ED82-482E-9B05-BC8C0C4AF0D0}
		{D60D2225-CD22-4283-8D96-EF4211B964B3} = {3BFED84A-8E8D-400B-966D-F6AF88C9201F}
		{B4837181-713F-48E2-8A13-563703381396} = {D60D2225-CD22-4283-8D96-EF4211B964B3}
		{ED599BB8-D6EA-4747-8551-24A9B97A4E55} = {CAB33D38-5037-445E-A6CB-1C0AC4F3A69D}
		{C3C8972D-185E-495E-BD83-36592AEEA6DF} = {CAB33D38-5037-445E-A6CB-1C0AC4F3A69D}
		{50C89A8D-C273-4C90-B54F-B152159BB43E} = {CAB33D38-5037-445E-A6CB-1C0AC4F3A69D}
	EndGlobalSection
	GlobalSection(ExtensibilityGlobals) = postSolution
		SolutionGuid = {6AD0B5CF-18D7-4AEA-B28F-864CD396AEFF}
	EndGlobalSection
EndGlobal
